
Microsoft Visual Studio Solution File, Format Version 12.00
# Visual Studio Version 16
VisualStudioVersion = 16.0.29905.134
MinimumVisualStudioVersion = 10.0.40219.1
Project("{FAE04EC0-301F-11D3-BF4B-00C04F79EFBC}") = "ClinicData", "ClinicData\ClinicData.csproj", "{24D878C4-4D1B-4197-AA2D-9C4A3C513395}"
EndProject
Project("{FAE04EC0-301F-11D3-BF4B-00C04F79EFBC}") = "ClinicApp", "ClinicApp\ClinicApp.csproj", "{CA57A78A-4DEE-4AD7-81C6-132FF883A26F}"
EndProject
Global
	GlobalSection(SolutionConfigurationPlatforms) = preSolution
		Debug|Any CPU = Debug|Any CPU
		Release|Any CPU = Release|Any CPU
	EndGlobalSection
	GlobalSection(ProjectConfigurationPlatforms) = postSolution
		{24D878C4-4D1B-4197-AA2D-9C4A3C513395}.Debug|Any CPU.ActiveCfg = Debug|Any CPU
		{24D878C4-4D1B-4197-AA2D-9C4A3C513395}.Debug|Any CPU.Build.0 = Debug|Any CPU
		{24D878C4-4D1B-4197-AA2D-9C4A3C513395}.Release|Any CPU.ActiveCfg = Release|Any CPU
		{24D878C4-4D1B-4197-AA2D-9C4A3C513395}.Release|Any CPU.Build.0 = Release|Any CPU
		{CA57A78A-4DEE-4AD7-81C6-132FF883A26F}.Debug|Any CPU.ActiveCfg = Debug|Any CPU
		{CA57A78A-4DEE-4AD7-81C6-132FF883A26F}.Debug|Any CPU.Build.0 = Debug|Any CPU
		{CA57A78A-4DEE-4AD7-81C6-132FF883A26F}.Release|Any CPU.ActiveCfg = Release|Any CPU
		{CA57A78A-4DEE-4AD7-81C6-132FF883A26F}.Release|Any CPU.Build.0 = Release|Any CPU
	EndGlobalSection
	GlobalSection(SolutionProperties) = preSolution
		HideSolutionNode = FALSE
	EndGlobalSection
	GlobalSection(ExtensibilityGlobals) = postSolution
		SolutionGuid = {09A1DDDC-B25D-4EA1-887E-FBB66D07E464}
	EndGlobalSection
EndGlobal
